
Microsoft Visual Studio Solution File, Format Version 12.00
# Visual Studio 15
VisualStudioVersion = 15.0.27130.2027
MinimumVisualStudioVersion = 10.0.40219.1
Project("{FAE04EC0-301F-11D3-BF4B-00C04F79EFBC}") = "SampleAppFramework1", "SampleFramework1\SampleAppFramework1.csproj", "{4B262438-BFA9-43BC-85A4-3FAE72A34151}"
EndProject
Project("{FAE04EC0-301F-11D3-BF4B-00C04F79EFBC}") = "SampleAppFramework2", "SampleAppFramework2\SampleAppFramework2.csproj", "{8448AB44-EC22-4FAF-BD55-871C8127E880}"
EndProject
Project("{FAE04EC0-301F-11D3-BF4B-00C04F79EFBC}") = "AutomationResources", "AutomationResources\AutomationResources.csproj", "{3A3C2E8D-5FB9-4A49-97B9-E97B7388DAE1}"
EndProject
Project("{FAE04EC0-301F-11D3-BF4B-00C04F79EFBC}") = "LoggingPractise", "LoggingPractise\LoggingPractise.csproj", "{1CF42A97-4623-46A3-95E9-EBB982DA49C9}"
EndProject
Project("{FAE04EC0-301F-11D3-BF4B-00C04F79EFBC}") = "CreatingReports", "CreatingReports\CreatingReports.csproj", "{0896C0D2-BA53-41DF-B1C0-515BEDF6C7D7}"
EndProject
Project("{FAE04EC0-301F-11D3-BF4B-00C04F79EFBC}") = "WebDriverTimeouts", "WebDriverWaits\WebDriverTimeouts.csproj", "{6FD07030-9B3F-4E8F-BDC5-40FBF801C1D4}"
EndProject
Global
	GlobalSection(SolutionConfigurationPlatforms) = preSolution
		Debug|Any CPU = Debug|Any CPU
		Release|Any CPU = Release|Any CPU
	EndGlobalSection
	GlobalSection(ProjectConfigurationPlatforms) = postSolution
		{4B262438-BFA9-43BC-85A4-3FAE72A34151}.Debug|Any CPU.ActiveCfg = Debug|Any CPU
		{4B262438-BFA9-43BC-85A4-3FAE72A34151}.Debug|Any CPU.Build.0 = Debug|Any CPU
		{4B262438-BFA9-43BC-85A4-3FAE72A34151}.Release|Any CPU.ActiveCfg = Release|Any CPU
		{4B262438-BFA9-43BC-85A4-3FAE72A34151}.Release|Any CPU.Build.0 = Release|Any CPU
		{8448AB44-EC22-4FAF-BD55-871C8127E880}.Debug|Any CPU.ActiveCfg = Debug|Any CPU
		{8448AB44-EC22-4FAF-BD55-871C8127E880}.Debug|Any CPU.Build.0 = Debug|Any CPU
		{8448AB44-EC22-4FAF-BD55-871C8127E880}.Release|Any CPU.ActiveCfg = Release|Any CPU
		{8448AB44-EC22-4FAF-BD55-871C8127E880}.Release|Any CPU.Build.0 = Release|Any CPU
		{3A3C2E8D-5FB9-4A49-97B9-E97B7388DAE1}.Debug|Any CPU.ActiveCfg = Debug|Any CPU
		{3A3C2E8D-5FB9-4A49-97B9-E97B7388DAE1}.Debug|Any CPU.Build.0 = Debug|Any CPU
		{3A3C2E8D-5FB9-4A49-97B9-E97B7388DAE1}.Release|Any CPU.ActiveCfg = Release|Any CPU
		{3A3C2E8D-5FB9-4A49-97B9-E97B7388DAE1}.Release|Any CPU.Build.0 = Release|Any CPU
		{1CF42A97-4623-46A3-95E9-EBB982DA49C9}.Debug|Any CPU.ActiveCfg = Debug|Any CPU
		{1CF42A97-4623-46A3-95E9-EBB982DA49C9}.Debug|Any CPU.Build.0 = Debug|Any CPU
		{1CF42A97-4623-46A3-95E9-EBB982DA49C9}.Release|Any CPU.ActiveCfg = Release|Any CPU
		{1CF42A97-4623-46A3-95E9-EBB982DA49C9}.Release|Any CPU.Build.0 = Release|Any CPU
		{0896C0D2-BA53-41DF-B1C0-515BEDF6C7D7}.Debug|Any CPU.ActiveCfg = Debug|Any CPU
		{0896C0D2-BA53-41DF-B1C0-515BEDF6C7D7}.Debug|Any CPU.Build.0 = Debug|Any CPU
		{0896C0D2-BA53-41DF-B1C0-515BEDF6C7D7}.Release|Any CPU.ActiveCfg = Release|Any CPU
		{0896C0D2-BA53-41DF-B1C0-515BEDF6C7D7}.Release|Any CPU.Build.0 = Release|Any CPU
		{6FD07030-9B3F-4E8F-BDC5-40FBF801C1D4}.Debug|Any CPU.ActiveCfg = Debug|Any CPU
		{6FD07030-9B3F-4E8F-BDC5-40FBF801C1D4}.Debug|Any CPU.Build.0 = Debug|Any CPU
		{6FD07030-9B3F-4E8F-BDC5-40FBF801C1D4}.Release|Any CPU.ActiveCfg = Release|Any CPU
		{6FD07030-9B3F-4E8F-BDC5-40FBF801C1D4}.Release|Any CPU.Build.0 = Release|Any CPU
	EndGlobalSection
	GlobalSection(SolutionProperties) = preSolution
		HideSolutionNode = FALSE
	EndGlobalSection
	GlobalSection(ExtensibilityGlobals) = postSolution
		SolutionGuid = {59057AD5-1694-43E0-A3A4-F0B1D0969EA1}
	EndGlobalSection
EndGlobal
